
Microsoft Visual Studio Solution File, Format Version 12.00
# Visual Studio 2013
VisualStudioVersion = 12.0.31101.0
MinimumVisualStudioVersion = 10.0.40219.1
Project("{8BC9CEB8-8B4A-11D0-8D11-00A0C91BC942}") = "ArduinoCommDLL", "ArduinoCommDLL\ArduinoCommDLL.vcxproj", "{1D5F357B-2593-4317-A607-F9CDC2C94E7A}"
EndProject
Project("{8BC9CEB8-8B4A-11D0-8D11-00A0C91BC942}") = "ArduinoCommTest", "ArduinoCommTest\ArduinoCommTest.vcxproj", "{E3CFD6F2-EBB0-46C0-A60B-38C8B3F26421}"
	ProjectSection(ProjectDependencies) = postProject
		{1D5F357B-2593-4317-A607-F9CDC2C94E7A} = {1D5F357B-2593-4317-A607-F9CDC2C94E7A}
	EndProjectSection
EndProject
Global
	GlobalSection(SolutionConfigurationPlatforms) = preSolution
		Debug|x64 = Debug|x64
		Debug|x86 = Debug|x86
		MatLab|x64 = MatLab|x64
		MatLab|x86 = MatLab|x86
		Release|x64 = Release|x64
		Release|x86 = Release|x86
	EndGlobalSection
	GlobalSection(ProjectConfigurationPlatforms) = postSolution
		{1D5F357B-2593-4317-A607-F9CDC2C94E7A}.Debug|x64.ActiveCfg = Debug|x64
		{1D5F357B-2593-4317-A607-F9CDC2C94E7A}.Debug|x64.Build.0 = Debug|x64
		{1D5F357B-2593-4317-A607-F9CDC2C94E7A}.Debug|x86.ActiveCfg = Debug|Win32
		{1D5F357B-2593-4317-A607-F9CDC2C94E7A}.Debug|x86.Build.0 = Debug|Win32
		{1D5F357B-2593-4317-A607-F9CDC2C94E7A}.MatLab|x64.ActiveCfg = MatLab|x64
		{1D5F357B-2593-4317-A607-F9CDC2C94E7A}.MatLab|x64.Build.0 = MatLab|x64
		{1D5F357B-2593-4317-A607-F9CDC2C94E7A}.MatLab|x64.Deploy.0 = MatLab|x64
		{1D5F357B-2593-4317-A607-F9CDC2C94E7A}.MatLab|x86.ActiveCfg = MatLab|Win32
		{1D5F357B-2593-4317-A607-F9CDC2C94E7A}.MatLab|x86.Build.0 = MatLab|Win32
		{1D5F357B-2593-4317-A607-F9CDC2C94E7A}.Release|x64.ActiveCfg = Release|x64
		{1D5F357B-2593-4317-A607-F9CDC2C94E7A}.Release|x64.Build.0 = Release|x64
		{1D5F357B-2593-4317-A607-F9CDC2C94E7A}.Release|x86.ActiveCfg = Release|Win32
		{1D5F357B-2593-4317-A607-F9CDC2C94E7A}.Release|x86.Build.0 = Release|Win32
		{E3CFD6F2-EBB0-46C0-A60B-38C8B3F26421}.Debug|x64.ActiveCfg = Debug|x64
		{E3CFD6F2-EBB0-46C0-A60B-38C8B3F26421}.Debug|x64.Build.0 = Debug|x64
		{E3CFD6F2-EBB0-46C0-A60B-38C8B3F26421}.Debug|x86.ActiveCfg = Debug|Win32
		{E3CFD6F2-EBB0-46C0-A60B-38C8B3F26421}.Debug|x86.Build.0 = Debug|Win32
		{E3CFD6F2-EBB0-46C0-A60B-38C8B3F26421}.MatLab|x64.ActiveCfg = MatLab|x64
		{E3CFD6F2-EBB0-46C0-A60B-38C8B3F26421}.MatLab|x86.ActiveCfg = MatLab|Win32
		{E3CFD6F2-EBB0-46C0-A60B-38C8B3F26421}.Release|x64.ActiveCfg = Release|x64
		{E3CFD6F2-EBB0-46C0-A60B-38C8B3F26421}.Release|x64.Build.0 = Release|x64
		{E3CFD6F2-EBB0-46C0-A60B-38C8B3F26421}.Release|x86.ActiveCfg = Release|Win32
		{E3CFD6F2-EBB0-46C0-A60B-38C8B3F26421}.Release|x86.Build.0 = Release|Win32
	EndGlobalSection
	GlobalSection(SolutionProperties) = preSolution
		HideSolutionNode = FALSE
	EndGlobalSection
EndGlobal
