<?xml version="1.0" encoding="utf-8"?>
<Project ToolsVersion="4.0" xmlns="http://schemas.microsoft.com/developer/msbuild/2003">
  <ItemGroup>
    <Filter Include="Source Files">
      <UniqueIdentifier>{4FC737F1-C7A5-4376-A066-2A32D752A2FF}</UniqueIdentifier>
      <Extensions>cpp;c;cc;cxx;def;odl;idl;hpj;bat;asm;asmx</Extensions>
    </Filter>
    <Filter Include="Header Files">
      <UniqueIdentifier>{93995380-89BD-4b04-88EB-625FBE52EBFB}</UniqueIdentifier>
      <Extensions>h;hh;hpp;hxx;hm;inl;inc;xsd</Extensions>
    </Filter>
    <Filter Include="Resource Files">
      <UniqueIdentifier>{67DA6AB6-F800-4c08-8B7A-83BB121AAD01}</UniqueIdentifier>
      <Extensions>rc;ico;cur;bmp;dlg;rc2;rct;bin;rgs;gif;jpg;jpeg;jpe;resx;tiff;tif;png;wav;mfcribbon-ms</Extensions>
    </Filter>
    <Filter Include="SharedFiles">
      <UniqueIdentifier>{b632b880-9d35-4f22-8749-45c5e4d3332e}</UniqueIdentifier>
    </Filter>
    <Filter Include="SharedFiles\Header Files">
      <UniqueIdentifier>{f31933e0-4405-4348-8c25-ec1cad6f0c20}</UniqueIdentifier>
    </Filter>
    <Filter Include="SharedFiles\Source Files">
      <UniqueIdentifier>{d174fe09-7766-45a5-877d-561268e7872f}</UniqueIdentifier>
    </Filter>
  </ItemGroup>
  <ItemGroup>
    <Text Include="ReadMe.txt" />
  </ItemGroup>
  <ItemGroup>
    <ClInclude Include="stdafx.h">
      <Filter>Header Files</Filter>
    </ClInclude>
    <ClInclude Include="targetver.h">
      <Filter>Header Files</Filter>
    </ClInclude>
    <ClInclude Include="..\ArduinoCommDLL\ArduinoCommCDLL.h">
      <Filter>Header Files</Filter>
    </ClInclude>
    <ClInclude Include="..\ArduinoCommDLL\ArduinoClass.h">
      <Filter>SharedFiles\Header Files</Filter>
    </ClInclude>
    <ClInclude Include="..\ArduinoCommDLL\CoreFunctions.h">
      <Filter>SharedFiles\Header Files</Filter>
    </ClInclude>
    <ClInclude Include="..\ArduinoCommDLL\SerialClass.h">
      <Filter>SharedFiles\Header Files</Filter>
    </ClInclude>
  </ItemGroup>
  <ItemGroup>
    <ClCompile Include="stdafx.cpp">
      <Filter>Source Files</Filter>
    </ClCompile>
    <ClCompile Include="ArduinoCommCDLL.cpp">
      <Filter>Source Files</Filter>
    </ClCompile>
    <ClCompile Include="dllmain.cpp">
      <Filter>Source Files</Filter>
    </ClCompile>
    <ClCompile Include="..\ArduinoCommDLL\ArduinoClass.cpp">
      <Filter>SharedFiles\Source Files</Filter>
    </ClCompile>
    <ClCompile Include="..\ArduinoCommDLL\CoreFunctions.cpp">
      <Filter>SharedFiles\Source Files</Filter>
    </ClCompile>
    <ClCompile Include="..\ArduinoCommDLL\SerialClass.cpp">
      <Filter>SharedFiles\Source Files</Filter>
    </ClCompile>
  </ItemGroup>
</Project>